
Microsoft Visual Studio Solution File, Format Version 12.00
# Visual Studio 15
VisualStudioVersion = 15.0.26228.9
MinimumVisualStudioVersion = 10.0.40219.1
Project("{F184B08F-C81C-45F6-A57F-5ABD9991F28F}") = "JOBAPP", "JOBAPP.vbproj", "{6F422ABF-A0EB-4736-B9E1-C6BBB6549634}"
EndProject
Global
	GlobalSection(SolutionConfigurationPlatforms) = preSolution
		Debug|Any CPU = Debug|Any CPU
		Release|Any CPU = Release|Any CPU
	EndGlobalSection
	GlobalSection(ProjectConfigurationPlatforms) = postSolution
		{6F422ABF-A0EB-4736-B9E1-C6BBB6549634}.Debug|Any CPU.ActiveCfg = Debug|Any CPU
		{6F422ABF-A0EB-4736-B9E1-C6BBB6549634}.Debug|Any CPU.Build.0 = Debug|Any CPU
		{6F422ABF-A0EB-4736-B9E1-C6BBB6549634}.Release|Any CPU.ActiveCfg = Release|Any CPU
		{6F422ABF-A0EB-4736-B9E1-C6BBB6549634}.Release|Any CPU.Build.0 = Release|Any CPU
	EndGlobalSection
	GlobalSection(SolutionProperties) = preSolution
		HideSolutionNode = FALSE
	EndGlobalSection
	GlobalSection(TeamFoundationVersionControl) = preSolution
		SccNumberOfProjects = 1
		SccEnterpriseProvider = {4CA58AB2-18FA-4F8D-95D4-32DDF27D184C}
		SccTeamFoundationServer = http://220.128.174.140:8080/tfs/defaultcollection
		SccProjectUniqueName0 = JOBAPP.vbproj
		SccProjectName0 = .
		SccAuxPath0 = http://220.128.174.140:8080/tfs/defaultcollection
		SccLocalPath0 = .
		SccProvider0 = {4CA58AB2-18FA-4F8D-95D4-32DDF27D184C}
	EndGlobalSection
EndGlobal
